# This file is automatically @generated by Cargo.
# It is not intended for manual editing.
[[package]]
name = "parsing"
version = "0.1.0"
dependencies = [
 "terms",
]

[[package]]
name = "rsvalidity"
version = "0.1.0"
dependencies = [
 "parsing",
 "terms",
]

[[package]]
name = "terms"
version = "0.1.0"
